<?xml version="1.0" encoding="utf-8"?>
<Project ToolsVersion="4.0" xmlns="http://schemas.microsoft.com/developer/msbuild/2003">
  <ItemGroup>
    <Filter Include="Source Files">
      <UniqueIdentifier>{4FC737F1-C7A5-4376-A066-2A32D752A2FF}</UniqueIdentifier>
      <Extensions>cpp;c;cc;cxx;def;odl;idl;hpj;bat;asm;asmx</Extensions>
    </Filter>
    <Filter Include="Header Files">
      <UniqueIdentifier>{93995380-89BD-4b04-88EB-625FBE52EBFB}</UniqueIdentifier>
      <Extensions>h;hh;hpp;hxx;hm;inl;inc;xsd</Extensions>
    </Filter>
    <Filter Include="Resource Files">
      <UniqueIdentifier>{67DA6AB6-F800-4c08-8B7A-83BB121AAD01}</UniqueIdentifier>
      <Extensions>rc;ico;cur;bmp;dlg;rc2;rct;bin;rgs;gif;jpg;jpeg;jpe;resx;tiff;tif;png;wav;mfcribbon-ms</Extensions>
    </Filter>
    <Filter Include="Header Files\public_api">
      <UniqueIdentifier>{f7799580-d59f-48b9-ad5f-1439d183e010}</UniqueIdentifier>
    </Filter>
  </ItemGroup>
  <ItemGroup>
    <Text Include="ReadMe.txt" />
  </ItemGroup>
  <ItemGroup>
    <ClInclude Include="stdafx.h">
      <Filter>Header Files</Filter>
    </ClInclude>
    <ClInclude Include="targetver.h">
      <Filter>Header Files</Filter>
    </ClInclude>
    <ClInclude Include="connection.h">
      <Filter>Header Files</Filter>
    </ClInclude>
    <ClInclude Include="client_communication_api.h">
      <Filter>Header Files\public_api</Filter>
    </ClInclude>
    <ClInclude Include="communication_api.h">
      <Filter>Header Files\public_api</Filter>
    </ClInclude>
    <ClInclude Include="communication_error.h">
      <Filter>Header Files\public_api</Filter>
    </ClInclude>
    <ClInclude Include="communication_data.h">
      <Filter>Header Files\public_api</Filter>
    </ClInclude>
    <ClInclude Include="server_communication_api.h">
      <Filter>Header Files\public_api</Filter>
    </ClInclude>
    <ClInclude Include="communication_logging.h">
      <Filter>Header Files</Filter>
    </ClInclude>
    <ClInclude Include="communication_types.h">
      <Filter>Header Files</Filter>
    </ClInclude>
  </ItemGroup>
  <ItemGroup>
    <ClCompile Include="communication_api.c">
      <Filter>Source Files</Filter>
    </ClCompile>
    <ClCompile Include="stdafx.c">
      <Filter>Source Files</Filter>
    </ClCompile>
    <ClCompile Include="client_communication_api.c">
      <Filter>Source Files</Filter>
    </ClCompile>
    <ClCompile Include="communication_data.c">
      <Filter>Source Files</Filter>
    </ClCompile>
    <ClCompile Include="connection.c">
      <Filter>Source Files</Filter>
    </ClCompile>
    <ClCompile Include="server_communication_api.c">
      <Filter>Source Files</Filter>
    </ClCompile>
    <ClCompile Include="communication_logging.c">
      <Filter>Source Files</Filter>
    </ClCompile>
  </ItemGroup>
</Project>